
Microsoft Visual Studio Solution File, Format Version 12.00
# Visual Studio Version 16
VisualStudioVersion = 16.0.31205.134
MinimumVisualStudioVersion = 10.0.40219.1
Project("{FAE04EC0-301F-11D3-BF4B-00C04F79EFBC}") = "CadastroAnuncio", "CadastroAnuncio.csproj", "{20AC1CC3-9038-4A19-861B-72DB17B90006}"
EndProject
Global
	GlobalSection(SolutionConfigurationPlatforms) = preSolution
		Debug|Any CPU = Debug|Any CPU
		Release|Any CPU = Release|Any CPU
	EndGlobalSection
	GlobalSection(ProjectConfigurationPlatforms) = postSolution
		{20AC1CC3-9038-4A19-861B-72DB17B90006}.Debug|Any CPU.ActiveCfg = Debug|Any CPU
		{20AC1CC3-9038-4A19-861B-72DB17B90006}.Debug|Any CPU.Build.0 = Debug|Any CPU
		{20AC1CC3-9038-4A19-861B-72DB17B90006}.Release|Any CPU.ActiveCfg = Release|Any CPU
		{20AC1CC3-9038-4A19-861B-72DB17B90006}.Release|Any CPU.Build.0 = Release|Any CPU
	EndGlobalSection
	GlobalSection(SolutionProperties) = preSolution
		HideSolutionNode = FALSE
	EndGlobalSection
	GlobalSection(ExtensibilityGlobals) = postSolution
		SolutionGuid = {0C48FF4D-5045-4492-A717-6F6BDC031E84}
	EndGlobalSection
EndGlobal
